Microsoft Visual Studio Solution File, Format Version 12.00
# Visual Studio 14
VisualStudioVersion = 14.0.25123.0
MinimumVisualStudioVersion = 10.0.40219.1
Project("{8BC9CEB8-8B4A-11D0-8D11-00A0C91BC942}") = "Rival", "tesseract.vcxproj", "{06594C6D-6DA9-49DC-9A91-8F47221DDCFD}"
	ProjectSection(ProjectDependencies) = postProject
		{F575D06A-9010-4F85-9B94-455B27FDC8A6} = {F575D06A-9010-4F85-9B94-455B27FDC8A6}
	EndProjectSection
EndProject
Project("{8BC9CEB8-8B4A-11D0-8D11-00A0C91BC942}") = "Start", "..\win_login\Win32Project1.vcxproj", "{F575D06A-9010-4F85-9B94-455B27FDC8A6}"
EndProject
Project("{740547C8-F205-44CF-8284-0B59C7DD69BD}") = "Rival_IOS.iOS.Application", "Rival_IOS\Rival_IOS.iOS.Application\Rival_IOS.iOS.Application.xcodeproj\project.pbxproj", "{751D0907-275E-4CA2-A203-B331B217D131}"
EndProject
Project("{2150E333-8FDC-42A3-9474-1A3956D46DE8}") = "Rival_Mobil.Android.Application", "Rival_Mobil.Android.Application", "{4A1EC0CC-BB9F-49A3-B81F-737F387C4D5E}"
EndProject
Project("{39E2626F-3545-4960-A6E8-258AD8476CE5}") = "Rival_Mobil.Android.Application", "Rival_Mobil\Rival_Mobil.Android.Application\Rival_Mobil.Android.Application.androidproj", "{D246A201-AA8B-4627-8C7D-4FE855EAF675}"
EndProject
Project("{8BC9CEB8-8B4A-11D0-8D11-00A0C91BC942}") = "Rival_Mobil.Android.NativeActivity", "Rival_Mobil\Rival_Mobil.Android.NativeActivity\Rival_Mobil.Android.NativeActivity.vcxproj", "{32EEB79E-11F3-46D6-9992-215E15CAB03A}"
EndProject
Project("{740547C8-F205-44CF-8284-0B59C7DD69BD}") = "Rival_Mobil.iOS.Application", "Rival_Mobil\Rival_Mobil.iOS.Application\Rival_Mobil.iOS.Application.xcodeproj\project.pbxproj", "{962E420D-A6F5-4339-B926-BB688699D6E9}"
EndProject
Project("{2150E333-8FDC-42A3-9474-1A3956D46DE8}") = "Library", "Library", "{47408204-4B7A-45F4-B5B2-192E847FC291}"
EndProject
Project("{8BC9CEB8-8B4A-11D0-8D11-00A0C91BC942}") = "Rival_Mobil.Shared", "Rival_Mobil\Rival_Mobil.Shared\Rival_Mobil.Shared.vcxitems", "{946DC386-041E-4876-9868-9D4CE92661DE}"
EndProject
Project("{8BC9CEB8-8B4A-11D0-8D11-00A0C91BC942}") = "Rival_Mobil.Android.StaticLibrary", "Rival_Mobil\Rival_Mobil.Android.StaticLibrary\Rival_Mobil.Android.StaticLibrary.vcxproj", "{55167F44-E068-435F-8498-686B10335991}"
EndProject
Project("{8BC9CEB8-8B4A-11D0-8D11-00A0C91BC942}") = "Rival_Mobil.iOS.StaticLibrary", "Rival_Mobil\Rival_Mobil.iOS.StaticLibrary\Rival_Mobil.iOS.StaticLibrary.vcxproj", "{FD60752B-CC67-4161-874E-F079B485D1C6}"
EndProject
Global
	GlobalSection(SharedMSBuildProjectFiles) = preSolution
		Rival_Mobil\Rival_Mobil.Shared\Rival_Mobil.Shared.vcxitems*{fd60752b-cc67-4161-874e-f079b485d1c6}*SharedItemsImports = 4
		Rival_Mobil\Rival_Mobil.Shared\Rival_Mobil.Shared.vcxitems*{55167f44-e068-435f-8498-686b10335991}*SharedItemsImports = 4
		Rival_Mobil\Rival_Mobil.Shared\Rival_Mobil.Shared.vcxitems*{946dc386-041e-4876-9868-9d4ce92661de}*SharedItemsImports = 9
	EndGlobalSection
	GlobalSection(SolutionConfigurationPlatforms) = preSolution
		Debug|ARM = Debug|ARM
		Debug|ARM64 = Debug|ARM64
		Debug|Win32 = Debug|Win32
		Debug|Win64 = Debug|Win64
		Debug|x64 = Debug|x64
		Release|ARM = Release|ARM
		Release|ARM64 = Release|ARM64
		Release|Win32 = Release|Win32
		Release|Win64 = Release|Win64
		Release|x64 = Release|x64
	EndGlobalSection
	GlobalSection(ProjectConfigurationPlatforms) = postSolution
		{06594C6D-6DA9-49DC-9A91-8F47221DDCFD}.Debug|ARM.ActiveCfg = Debug|Win32
		{06594C6D-6DA9-49DC-9A91-8F47221DDCFD}.Debug|ARM64.ActiveCfg = Debug|Win32
		{06594C6D-6DA9-49DC-9A91-8F47221DDCFD}.Debug|Win32.ActiveCfg = Debug|Win32
		{06594C6D-6DA9-49DC-9A91-8F47221DDCFD}.Debug|Win32.Build.0 = Debug|Win32
		{06594C6D-6DA9-49DC-9A91-8F47221DDCFD}.Debug|Win32.Deploy.0 = Debug|Win32
		{06594C6D-6DA9-49DC-9A91-8F47221DDCFD}.Debug|Win64.ActiveCfg = Debug|x64
		{06594C6D-6DA9-49DC-9A91-8F47221DDCFD}.Debug|Win64.Build.0 = Debug|x64
		{06594C6D-6DA9-49DC-9A91-8F47221DDCFD}.Debug|x64.ActiveCfg = Debug|x64
		{06594C6D-6DA9-49DC-9A91-8F47221DDCFD}.Debug|x64.Build.0 = Debug|x64
		{06594C6D-6DA9-49DC-9A91-8F47221DDCFD}.Release|ARM.ActiveCfg = Release|Win32
		{06594C6D-6DA9-49DC-9A91-8F47221DDCFD}.Release|ARM64.ActiveCfg = Release|Win32
		{06594C6D-6DA9-49DC-9A91-8F47221DDCFD}.Release|Win32.ActiveCfg = Release|Win32
		{06594C6D-6DA9-49DC-9A91-8F47221DDCFD}.Release|Win32.Build.0 = Release|Win32
		{06594C6D-6DA9-49DC-9A91-8F47221DDCFD}.Release|Win64.ActiveCfg = Release|x64
		{06594C6D-6DA9-49DC-9A91-8F47221DDCFD}.Release|Win64.Build.0 = Release|x64
		{06594C6D-6DA9-49DC-9A91-8F47221DDCFD}.Release|x64.ActiveCfg = Release|x64
		{06594C6D-6DA9-49DC-9A91-8F47221DDCFD}.Release|x64.Build.0 = Release|x64
		{F575D06A-9010-4F85-9B94-455B27FDC8A6}.Debug|ARM.ActiveCfg = Debug|Win32
		{F575D06A-9010-4F85-9B94-455B27FDC8A6}.Debug|ARM64.ActiveCfg = Debug|Win32
		{F575D06A-9010-4F85-9B94-455B27FDC8A6}.Debug|Win32.ActiveCfg = Release|Win32
		{F575D06A-9010-4F85-9B94-455B27FDC8A6}.Debug|Win32.Build.0 = Release|Win32
		{F575D06A-9010-4F85-9B94-455B27FDC8A6}.Debug|Win32.Deploy.0 = Release|Win32
		{F575D06A-9010-4F85-9B94-455B27FDC8A6}.Debug|Win64.ActiveCfg = Release|Win32
		{F575D06A-9010-4F85-9B94-455B27FDC8A6}.Debug|Win64.Build.0 = Release|Win32
		{F575D06A-9010-4F85-9B94-455B27FDC8A6}.Debug|x64.ActiveCfg = Debug|x64
		{F575D06A-9010-4F85-9B94-455B27FDC8A6}.Debug|x64.Build.0 = Debug|x64
		{F575D06A-9010-4F85-9B94-455B27FDC8A6}.Release|ARM.ActiveCfg = Release|Win32
		{F575D06A-9010-4F85-9B94-455B27FDC8A6}.Release|ARM64.ActiveCfg = Release|Win32
		{F575D06A-9010-4F85-9B94-455B27FDC8A6}.Release|Win32.ActiveCfg = Release|Win32
		{F575D06A-9010-4F85-9B94-455B27FDC8A6}.Release|Win32.Build.0 = Release|Win32
		{F575D06A-9010-4F85-9B94-455B27FDC8A6}.Release|Win64.ActiveCfg = Release|Win32
		{F575D06A-9010-4F85-9B94-455B27FDC8A6}.Release|Win64.Build.0 = Release|Win32
		{F575D06A-9010-4F85-9B94-455B27FDC8A6}.Release|x64.ActiveCfg = Release|x64
		{F575D06A-9010-4F85-9B94-455B27FDC8A6}.Release|x64.Build.0 = Release|x64
		{751D0907-275E-4CA2-A203-B331B217D131}.Debug|ARM.ActiveCfg = Debug|ARM
		{751D0907-275E-4CA2-A203-B331B217D131}.Debug|ARM.Build.0 = Debug|ARM
		{751D0907-275E-4CA2-A203-B331B217D131}.Debug|ARM.Deploy.0 = Debug|ARM
		{751D0907-275E-4CA2-A203-B331B217D131}.Debug|ARM64.ActiveCfg = Debug|ARM64
		{751D0907-275E-4CA2-A203-B331B217D131}.Debug|ARM64.Build.0 = Debug|ARM64
		{751D0907-275E-4CA2-A203-B331B217D131}.Debug|ARM64.Deploy.0 = Debug|ARM64
		{751D0907-275E-4CA2-A203-B331B217D131}.Debug|Win32.ActiveCfg = Debug|x86
		{751D0907-275E-4CA2-A203-B331B217D131}.Debug|Win32.Build.0 = Debug|x86
		{751D0907-275E-4CA2-A203-B331B217D131}.Debug|Win32.Deploy.0 = Debug|x86
		{751D0907-275E-4CA2-A203-B331B217D131}.Debug|Win64.ActiveCfg = Debug|x86
		{751D0907-275E-4CA2-A203-B331B217D131}.Debug|x64.ActiveCfg = Debug|x64
		{751D0907-275E-4CA2-A203-B331B217D131}.Debug|x64.Build.0 = Debug|x64
		{751D0907-275E-4CA2-A203-B331B217D131}.Debug|x64.Deploy.0 = Debug|x64
		{751D0907-275E-4CA2-A203-B331B217D131}.Release|ARM.ActiveCfg = Release|ARM
		{751D0907-275E-4CA2-A203-B331B217D131}.Release|ARM.Build.0 = Release|ARM
		{751D0907-275E-4CA2-A203-B331B217D131}.Release|ARM.Deploy.0 = Release|ARM
		{751D0907-275E-4CA2-A203-B331B217D131}.Release|ARM64.ActiveCfg = Release|ARM64
		{751D0907-275E-4CA2-A203-B331B217D131}.Release|ARM64.Build.0 = Release|ARM64
		{751D0907-275E-4CA2-A203-B331B217D131}.Release|ARM64.Deploy.0 = Release|ARM64
		{751D0907-275E-4CA2-A203-B331B217D131}.Release|Win32.ActiveCfg = Release|x86
		{751D0907-275E-4CA2-A203-B331B217D131}.Release|Win32.Build.0 = Release|x86
		{751D0907-275E-4CA2-A203-B331B217D131}.Release|Win32.Deploy.0 = Release|x86
		{751D0907-275E-4CA2-A203-B331B217D131}.Release|Win64.ActiveCfg = Release|x86
		{751D0907-275E-4CA2-A203-B331B217D131}.Release|x64.ActiveCfg = Release|x64
		{751D0907-275E-4CA2-A203-B331B217D131}.Release|x64.Build.0 = Release|x64
		{751D0907-275E-4CA2-A203-B331B217D131}.Release|x64.Deploy.0 = Release|x64
		{D246A201-AA8B-4627-8C7D-4FE855EAF675}.Debug|ARM.ActiveCfg = Debug|ARM
		{D246A201-AA8B-4627-8C7D-4FE855EAF675}.Debug|ARM.Build.0 = Debug|ARM
		{D246A201-AA8B-4627-8C7D-4FE855EAF675}.Debug|ARM.Deploy.0 = Debug|ARM
		{D246A201-AA8B-4627-8C7D-4FE855EAF675}.Debug|ARM64.ActiveCfg = Debug|ARM64
		{D246A201-AA8B-4627-8C7D-4FE855EAF675}.Debug|ARM64.Build.0 = Debug|ARM64
		{D246A201-AA8B-4627-8C7D-4FE855EAF675}.Debug|ARM64.Deploy.0 = Debug|ARM64
		{D246A201-AA8B-4627-8C7D-4FE855EAF675}.Debug|Win32.ActiveCfg = Debug|x86
		{D246A201-AA8B-4627-8C7D-4FE855EAF675}.Debug|Win32.Build.0 = Debug|x86
		{D246A201-AA8B-4627-8C7D-4FE855EAF675}.Debug|Win32.Deploy.0 = Debug|x86
		{D246A201-AA8B-4627-8C7D-4FE855EAF675}.Debug|Win64.ActiveCfg = Debug|x86
		{D246A201-AA8B-4627-8C7D-4FE855EAF675}.Debug|x64.ActiveCfg = Debug|x64
		{D246A201-AA8B-4627-8C7D-4FE855EAF675}.Debug|x64.Build.0 = Debug|x64
		{D246A201-AA8B-4627-8C7D-4FE855EAF675}.Debug|x64.Deploy.0 = Debug|x64
		{D246A201-AA8B-4627-8C7D-4FE855EAF675}.Release|ARM.ActiveCfg = Release|ARM
		{D246A201-AA8B-4627-8C7D-4FE855EAF675}.Release|ARM.Build.0 = Release|ARM
		{D246A201-AA8B-4627-8C7D-4FE855EAF675}.Release|ARM.Deploy.0 = Release|ARM
		{D246A201-AA8B-4627-8C7D-4FE855EAF675}.Release|ARM64.ActiveCfg = Release|ARM64
		{D246A201-AA8B-4627-8C7D-4FE855EAF675}.Release|ARM64.Build.0 = Release|ARM64
		{D246A201-AA8B-4627-8C7D-4FE855EAF675}.Release|ARM64.Deploy.0 = Release|ARM64
		{D246A201-AA8B-4627-8C7D-4FE855EAF675}.Release|Win32.ActiveCfg = Release|x86
		{D246A201-AA8B-4627-8C7D-4FE855EAF675}.Release|Win32.Build.0 = Release|x86
		{D246A201-AA8B-4627-8C7D-4FE855EAF675}.Release|Win32.Deploy.0 = Release|x86
		{D246A201-AA8B-4627-8C7D-4FE855EAF675}.Release|Win64.ActiveCfg = Release|x86
		{D246A201-AA8B-4627-8C7D-4FE855EAF675}.Release|x64.ActiveCfg = Release|x64
		{D246A201-AA8B-4627-8C7D-4FE855EAF675}.Release|x64.Build.0 = Release|x64
		{D246A201-AA8B-4627-8C7D-4FE855EAF675}.Release|x64.Deploy.0 = Release|x64
		{32EEB79E-11F3-46D6-9992-215E15CAB03A}.Debug|ARM.ActiveCfg = Debug|ARM
		{32EEB79E-11F3-46D6-9992-215E15CAB03A}.Debug|ARM.Build.0 = Debug|ARM
		{32EEB79E-11F3-46D6-9992-215E15CAB03A}.Debug|ARM64.ActiveCfg = Debug|ARM64
		{32EEB79E-11F3-46D6-9992-215E15CAB03A}.Debug|ARM64.Build.0 = Debug|ARM64
		{32EEB79E-11F3-46D6-9992-215E15CAB03A}.Debug|Win32.ActiveCfg = Debug|x86
		{32EEB79E-11F3-46D6-9992-215E15CAB03A}.Debug|Win32.Build.0 = Debug|x86
		{32EEB79E-11F3-46D6-9992-215E15CAB03A}.Debug|Win64.ActiveCfg = Debug|x86
		{32EEB79E-11F3-46D6-9992-215E15CAB03A}.Debug|x64.ActiveCfg = Debug|x64
		{32EEB79E-11F3-46D6-9992-215E15CAB03A}.Debug|x64.Build.0 = Debug|x64
		{32EEB79E-11F3-46D6-9992-215E15CAB03A}.Release|ARM.ActiveCfg = Release|ARM
		{32EEB79E-11F3-46D6-9992-215E15CAB03A}.Release|ARM.Build.0 = Release|ARM
		{32EEB79E-11F3-46D6-9992-215E15CAB03A}.Release|ARM64.ActiveCfg = Release|ARM64
		{32EEB79E-11F3-46D6-9992-215E15CAB03A}.Release|ARM64.Build.0 = Release|ARM64
		{32EEB79E-11F3-46D6-9992-215E15CAB03A}.Release|Win32.ActiveCfg = Release|x86
		{32EEB79E-11F3-46D6-9992-215E15CAB03A}.Release|Win32.Build.0 = Release|x86
		{32EEB79E-11F3-46D6-9992-215E15CAB03A}.Release|Win64.ActiveCfg = Release|x86
		{32EEB79E-11F3-46D6-9992-215E15CAB03A}.Release|x64.ActiveCfg = Release|x64
		{32EEB79E-11F3-46D6-9992-215E15CAB03A}.Release|x64.Build.0 = Release|x64
		{962E420D-A6F5-4339-B926-BB688699D6E9}.Debug|ARM.ActiveCfg = Debug|ARM
		{962E420D-A6F5-4339-B926-BB688699D6E9}.Debug|ARM.Build.0 = Debug|ARM
		{962E420D-A6F5-4339-B926-BB688699D6E9}.Debug|ARM64.ActiveCfg = Debug|ARM64
		{962E420D-A6F5-4339-B926-BB688699D6E9}.Debug|ARM64.Build.0 = Debug|ARM64
		{962E420D-A6F5-4339-B926-BB688699D6E9}.Debug|ARM64.Deploy.0 = Debug|ARM64
		{962E420D-A6F5-4339-B926-BB688699D6E9}.Debug|Win32.ActiveCfg = Debug|x86
		{962E420D-A6F5-4339-B926-BB688699D6E9}.Debug|Win32.Build.0 = Debug|x86
		{962E420D-A6F5-4339-B926-BB688699D6E9}.Debug|Win32.Deploy.0 = Debug|x86
		{962E420D-A6F5-4339-B926-BB688699D6E9}.Debug|Win64.ActiveCfg = Debug|x86
		{962E420D-A6F5-4339-B926-BB688699D6E9}.Debug|x64.ActiveCfg = Debug|x64
		{962E420D-A6F5-4339-B926-BB688699D6E9}.Debug|x64.Build.0 = Debug|x64
		{962E420D-A6F5-4339-B926-BB688699D6E9}.Debug|x64.Deploy.0 = Debug|x64
		{962E420D-A6F5-4339-B926-BB688699D6E9}.Release|ARM.ActiveCfg = Release|ARM
		{962E420D-A6F5-4339-B926-BB688699D6E9}.Release|ARM.Build.0 = Release|ARM
		{962E420D-A6F5-4339-B926-BB688699D6E9}.Release|ARM.Deploy.0 = Release|ARM
		{962E420D-A6F5-4339-B926-BB688699D6E9}.Release|ARM64.ActiveCfg = Release|ARM64
		{962E420D-A6F5-4339-B926-BB688699D6E9}.Release|ARM64.Build.0 = Release|ARM64
		{962E420D-A6F5-4339-B926-BB688699D6E9}.Release|ARM64.Deploy.0 = Release|ARM64
		{962E420D-A6F5-4339-B926-BB688699D6E9}.Release|Win32.ActiveCfg = Release|x86
		{962E420D-A6F5-4339-B926-BB688699D6E9}.Release|Win32.Build.0 = Release|x86
		{962E420D-A6F5-4339-B926-BB688699D6E9}.Release|Win32.Deploy.0 = Release|x86
		{962E420D-A6F5-4339-B926-BB688699D6E9}.Release|Win64.ActiveCfg = Release|x86
		{962E420D-A6F5-4339-B926-BB688699D6E9}.Release|x64.ActiveCfg = Release|x64
		{962E420D-A6F5-4339-B926-BB688699D6E9}.Release|x64.Build.0 = Release|x64
		{962E420D-A6F5-4339-B926-BB688699D6E9}.Release|x64.Deploy.0 = Release|x64
		{55167F44-E068-435F-8498-686B10335991}.Debug|ARM.ActiveCfg = Debug|ARM
		{55167F44-E068-435F-8498-686B10335991}.Debug|ARM.Build.0 = Debug|ARM
		{55167F44-E068-435F-8498-686B10335991}.Debug|ARM64.ActiveCfg = Debug|ARM64
		{55167F44-E068-435F-8498-686B10335991}.Debug|ARM64.Build.0 = Debug|ARM64
		{55167F44-E068-435F-8498-686B10335991}.Debug|Win32.ActiveCfg = Debug|x86
		{55167F44-E068-435F-8498-686B10335991}.Debug|Win32.Build.0 = Debug|x86
		{55167F44-E068-435F-8498-686B10335991}.Debug|Win64.ActiveCfg = Debug|x86
		{55167F44-E068-435F-8498-686B10335991}.Debug|x64.ActiveCfg = Debug|x64
		{55167F44-E068-435F-8498-686B10335991}.Debug|x64.Build.0 = Debug|x64
		{55167F44-E068-435F-8498-686B10335991}.Release|ARM.ActiveCfg = Release|ARM
		{55167F44-E068-435F-8498-686B10335991}.Release|ARM.Build.0 = Release|ARM
		{55167F44-E068-435F-8498-686B10335991}.Release|ARM64.ActiveCfg = Release|ARM64
		{55167F44-E068-435F-8498-686B10335991}.Release|ARM64.Build.0 = Release|ARM64
		{55167F44-E068-435F-8498-686B10335991}.Release|Win32.ActiveCfg = Release|x86
		{55167F44-E068-435F-8498-686B10335991}.Release|Win32.Build.0 = Release|x86
		{55167F44-E068-435F-8498-686B10335991}.Release|Win64.ActiveCfg = Release|x86
		{55167F44-E068-435F-8498-686B10335991}.Release|x64.ActiveCfg = Release|x64
		{55167F44-E068-435F-8498-686B10335991}.Release|x64.Build.0 = Release|x64
		{FD60752B-CC67-4161-874E-F079B485D1C6}.Debug|ARM.ActiveCfg = Debug|ARM
		{FD60752B-CC67-4161-874E-F079B485D1C6}.Debug|ARM.Build.0 = Debug|ARM
		{FD60752B-CC67-4161-874E-F079B485D1C6}.Debug|ARM64.ActiveCfg = Debug|ARM64
		{FD60752B-CC67-4161-874E-F079B485D1C6}.Debug|ARM64.Build.0 = Debug|ARM64
		{FD60752B-CC67-4161-874E-F079B485D1C6}.Debug|Win32.ActiveCfg = Debug|x86
		{FD60752B-CC67-4161-874E-F079B485D1C6}.Debug|Win32.Build.0 = Debug|x86
		{FD60752B-CC67-4161-874E-F079B485D1C6}.Debug|Win64.ActiveCfg = Debug|x86
		{FD60752B-CC67-4161-874E-F079B485D1C6}.Debug|x64.ActiveCfg = Debug|x64
		{FD60752B-CC67-4161-874E-F079B485D1C6}.Debug|x64.Build.0 = Debug|x64
		{FD60752B-CC67-4161-874E-F079B485D1C6}.Release|ARM.ActiveCfg = Release|ARM
		{FD60752B-CC67-4161-874E-F079B485D1C6}.Release|ARM.Build.0 = Release|ARM
		{FD60752B-CC67-4161-874E-F079B485D1C6}.Release|ARM64.ActiveCfg = Release|ARM64
		{FD60752B-CC67-4161-874E-F079B485D1C6}.Release|ARM64.Build.0 = Release|ARM64
		{FD60752B-CC67-4161-874E-F079B485D1C6}.Release|Win32.ActiveCfg = Release|x86
		{FD60752B-CC67-4161-874E-F079B485D1C6}.Release|Win32.Build.0 = Release|x86
		{FD60752B-CC67-4161-874E-F079B485D1C6}.Release|Win64.ActiveCfg = Release|x86
		{FD60752B-CC67-4161-874E-F079B485D1C6}.Release|x64.ActiveCfg = Release|x64
		{FD60752B-CC67-4161-874E-F079B485D1C6}.Release|x64.Build.0 = Release|x64
	EndGlobalSection
	GlobalSection(SolutionProperties) = preSolution
		HideSolutionNode = FALSE
	EndGlobalSection
	GlobalSection(NestedProjects) = preSolution
		{751D0907-275E-4CA2-A203-B331B217D131} = {47408204-4B7A-45F4-B5B2-192E847FC291}
		{D246A201-AA8B-4627-8C7D-4FE855EAF675} = {4A1EC0CC-BB9F-49A3-B81F-737F387C4D5E}
		{32EEB79E-11F3-46D6-9992-215E15CAB03A} = {4A1EC0CC-BB9F-49A3-B81F-737F387C4D5E}
		{962E420D-A6F5-4339-B926-BB688699D6E9} = {47408204-4B7A-45F4-B5B2-192E847FC291}
		{946DC386-041E-4876-9868-9D4CE92661DE} = {47408204-4B7A-45F4-B5B2-192E847FC291}
		{55167F44-E068-435F-8498-686B10335991} = {47408204-4B7A-45F4-B5B2-192E847FC291}
		{FD60752B-CC67-4161-874E-F079B485D1C6} = {47408204-4B7A-45F4-B5B2-192E847FC291}
	EndGlobalSection
EndGlobal
