Microsoft Visual Studio Solution File, Format Version 12.00
# Visual Studio 14
VisualStudioVersion = 14.0.25123.0
MinimumVisualStudioVersion = 10.0.40219.1
Project("{8BC9CEB8-8B4A-11D0-8D11-00A0C91BC942}") = "Rival", "tesseract.vcxproj", "{06594C6D-6DA9-49DC-9A91-8F47221DDCFD}"
	ProjectSection(ProjectDependencies) = postProject
		{F575D06A-9010-4F85-9B94-455B27FDC8A6} = {F575D06A-9010-4F85-9B94-455B27FDC8A6}
	EndProjectSection
EndProject
Project("{8BC9CEB8-8B4A-11D0-8D11-00A0C91BC942}") = "Start", "..\win_login\Win32Project1.vcxproj", "{F575D06A-9010-4F85-9B94-455B27FDC8A6}"
EndProject
Project("{39E2626F-3545-4960-A6E8-258AD8476CE5}") = "Rival_Mobil.Android.Application", "Rival_Mobil\Rival_Mobil.Android.Application\Rival_Mobil.Android.Application.androidproj", "{D246A201-AA8B-4627-8C7D-4FE855EAF675}"
EndProject
Project("{2150E333-8FDC-42A3-9474-1A3956D46DE8}") = "Modile", "Modile", "{95C19428-7B8C-4F31-850C-D3DF61C43E7D}"
EndProject
Project("{8BC9CEB8-8B4A-11D0-8D11-00A0C91BC942}") = "Rival_Mobil.Shared", "Rival_Mobil\Rival_Mobil.Shared\Rival_Mobil.Shared.vcxitems", "{946DC386-041E-4876-9868-9D4CE92661DE}"
EndProject
Project("{2150E333-8FDC-42A3-9474-1A3956D46DE8}") = "Android", "Android", "{EE9808AC-8E07-4171-838B-5904A766C46A}"
EndProject
Project("{8BC9CEB8-8B4A-11D0-8D11-00A0C91BC942}") = "Rival_Mobil.Android.NativeActivity", "Rival_Mobil\Rival_Mobil.Android.NativeActivity\Rival_Mobil.Android.NativeActivity.vcxproj", "{32EEB79E-11F3-46D6-9992-215E15CAB03A}"
EndProject
Global
	GlobalSection(SharedMSBuildProjectFiles) = preSolution
		Rival_Mobil\Rival_Mobil.Shared\Rival_Mobil.Shared.vcxitems*{946dc386-041e-4876-9868-9d4ce92661de}*SharedItemsImports = 9
	EndGlobalSection
	GlobalSection(SolutionConfigurationPlatforms) = preSolution
		Debug|ARM = Debug|ARM
		Debug|ARM64 = Debug|ARM64
		Debug|Win32 = Debug|Win32
		Debug|x64 = Debug|x64
		Release|ARM = Release|ARM
		Release|ARM64 = Release|ARM64
		Release|Win32 = Release|Win32
		Release|x64 = Release|x64
	EndGlobalSection
	GlobalSection(ProjectConfigurationPlatforms) = postSolution
		{06594C6D-6DA9-49DC-9A91-8F47221DDCFD}.Debug|ARM.ActiveCfg = Debug|Win32
		{06594C6D-6DA9-49DC-9A91-8F47221DDCFD}.Debug|ARM64.ActiveCfg = Debug|Win32
		{06594C6D-6DA9-49DC-9A91-8F47221DDCFD}.Debug|Win32.ActiveCfg = Debug|Win32
		{06594C6D-6DA9-49DC-9A91-8F47221DDCFD}.Debug|Win32.Build.0 = Debug|Win32
		{06594C6D-6DA9-49DC-9A91-8F47221DDCFD}.Debug|Win32.Deploy.0 = Debug|Win32
		{06594C6D-6DA9-49DC-9A91-8F47221DDCFD}.Debug|x64.ActiveCfg = Debug|x64
		{06594C6D-6DA9-49DC-9A91-8F47221DDCFD}.Debug|x64.Build.0 = Debug|x64
		{06594C6D-6DA9-49DC-9A91-8F47221DDCFD}.Release|ARM.ActiveCfg = Release|Win32
		{06594C6D-6DA9-49DC-9A91-8F47221DDCFD}.Release|ARM64.ActiveCfg = Release|Win32
		{06594C6D-6DA9-49DC-9A91-8F47221DDCFD}.Release|Win32.ActiveCfg = Release|Win32
		{06594C6D-6DA9-49DC-9A91-8F47221DDCFD}.Release|Win32.Build.0 = Release|Win32
		{06594C6D-6DA9-49DC-9A91-8F47221DDCFD}.Release|x64.ActiveCfg = Release|x64
		{06594C6D-6DA9-49DC-9A91-8F47221DDCFD}.Release|x64.Build.0 = Release|x64
		{F575D06A-9010-4F85-9B94-455B27FDC8A6}.Debug|ARM.ActiveCfg = Debug|Win32
		{F575D06A-9010-4F85-9B94-455B27FDC8A6}.Debug|ARM64.ActiveCfg = Debug|Win32
		{F575D06A-9010-4F85-9B94-455B27FDC8A6}.Debug|Win32.ActiveCfg = Release|Win32
		{F575D06A-9010-4F85-9B94-455B27FDC8A6}.Debug|Win32.Build.0 = Release|Win32
		{F575D06A-9010-4F85-9B94-455B27FDC8A6}.Debug|Win32.Deploy.0 = Release|Win32
		{F575D06A-9010-4F85-9B94-455B27FDC8A6}.Debug|x64.ActiveCfg = Release|Win32
		{F575D06A-9010-4F85-9B94-455B27FDC8A6}.Debug|x64.Build.0 = Release|Win32
		{F575D06A-9010-4F85-9B94-455B27FDC8A6}.Release|ARM.ActiveCfg = Release|Win32
		{F575D06A-9010-4F85-9B94-455B27FDC8A6}.Release|ARM64.ActiveCfg = Release|Win32
		{F575D06A-9010-4F85-9B94-455B27FDC8A6}.Release|Win32.ActiveCfg = Release|Win32
		{F575D06A-9010-4F85-9B94-455B27FDC8A6}.Release|Win32.Build.0 = Release|Win32
		{F575D06A-9010-4F85-9B94-455B27FDC8A6}.Release|x64.ActiveCfg = Release|Win32
		{F575D06A-9010-4F85-9B94-455B27FDC8A6}.Release|x64.Build.0 = Release|Win32
		{D246A201-AA8B-4627-8C7D-4FE855EAF675}.Debug|ARM.ActiveCfg = Debug|ARM
		{D246A201-AA8B-4627-8C7D-4FE855EAF675}.Debug|ARM.Build.0 = Debug|ARM
		{D246A201-AA8B-4627-8C7D-4FE855EAF675}.Debug|ARM.Deploy.0 = Debug|ARM
		{D246A201-AA8B-4627-8C7D-4FE855EAF675}.Debug|ARM64.ActiveCfg = Debug|ARM64
		{D246A201-AA8B-4627-8C7D-4FE855EAF675}.Debug|ARM64.Build.0 = Debug|ARM64
		{D246A201-AA8B-4627-8C7D-4FE855EAF675}.Debug|ARM64.Deploy.0 = Debug|ARM64
		{D246A201-AA8B-4627-8C7D-4FE855EAF675}.Debug|Win32.ActiveCfg = Debug|x86
		{D246A201-AA8B-4627-8C7D-4FE855EAF675}.Debug|Win32.Build.0 = Debug|x86
		{D246A201-AA8B-4627-8C7D-4FE855EAF675}.Debug|Win32.Deploy.0 = Debug|x86
		{D246A201-AA8B-4627-8C7D-4FE855EAF675}.Debug|x64.ActiveCfg = Debug|x64
		{D246A201-AA8B-4627-8C7D-4FE855EAF675}.Debug|x64.Build.0 = Debug|x64
		{D246A201-AA8B-4627-8C7D-4FE855EAF675}.Debug|x64.Deploy.0 = Debug|x64
		{D246A201-AA8B-4627-8C7D-4FE855EAF675}.Release|ARM.ActiveCfg = Release|ARM
		{D246A201-AA8B-4627-8C7D-4FE855EAF675}.Release|ARM.Build.0 = Release|ARM
		{D246A201-AA8B-4627-8C7D-4FE855EAF675}.Release|ARM.Deploy.0 = Release|ARM
		{D246A201-AA8B-4627-8C7D-4FE855EAF675}.Release|ARM64.ActiveCfg = Release|ARM64
		{D246A201-AA8B-4627-8C7D-4FE855EAF675}.Release|ARM64.Build.0 = Release|ARM64
		{D246A201-AA8B-4627-8C7D-4FE855EAF675}.Release|ARM64.Deploy.0 = Release|ARM64
		{D246A201-AA8B-4627-8C7D-4FE855EAF675}.Release|Win32.ActiveCfg = Release|x86
		{D246A201-AA8B-4627-8C7D-4FE855EAF675}.Release|Win32.Build.0 = Release|x86
		{D246A201-AA8B-4627-8C7D-4FE855EAF675}.Release|Win32.Deploy.0 = Release|x86
		{D246A201-AA8B-4627-8C7D-4FE855EAF675}.Release|x64.ActiveCfg = Release|x64
		{D246A201-AA8B-4627-8C7D-4FE855EAF675}.Release|x64.Build.0 = Release|x64
		{D246A201-AA8B-4627-8C7D-4FE855EAF675}.Release|x64.Deploy.0 = Release|x64
		{32EEB79E-11F3-46D6-9992-215E15CAB03A}.Debug|ARM.ActiveCfg = Debug|ARM
		{32EEB79E-11F3-46D6-9992-215E15CAB03A}.Debug|ARM.Build.0 = Debug|ARM
		{32EEB79E-11F3-46D6-9992-215E15CAB03A}.Debug|ARM64.ActiveCfg = Debug|ARM64
		{32EEB79E-11F3-46D6-9992-215E15CAB03A}.Debug|ARM64.Build.0 = Debug|ARM64
		{32EEB79E-11F3-46D6-9992-215E15CAB03A}.Debug|Win32.ActiveCfg = Debug|x86
		{32EEB79E-11F3-46D6-9992-215E15CAB03A}.Debug|Win32.Build.0 = Debug|x86
		{32EEB79E-11F3-46D6-9992-215E15CAB03A}.Debug|x64.ActiveCfg = Debug|x64
		{32EEB79E-11F3-46D6-9992-215E15CAB03A}.Debug|x64.Build.0 = Debug|x64
		{32EEB79E-11F3-46D6-9992-215E15CAB03A}.Release|ARM.ActiveCfg = Release|ARM
		{32EEB79E-11F3-46D6-9992-215E15CAB03A}.Release|ARM.Build.0 = Release|ARM
		{32EEB79E-11F3-46D6-9992-215E15CAB03A}.Release|ARM64.ActiveCfg = Release|ARM64
		{32EEB79E-11F3-46D6-9992-215E15CAB03A}.Release|ARM64.Build.0 = Release|ARM64
		{32EEB79E-11F3-46D6-9992-215E15CAB03A}.Release|Win32.ActiveCfg = Release|x86
		{32EEB79E-11F3-46D6-9992-215E15CAB03A}.Release|Win32.Build.0 = Release|x86
		{32EEB79E-11F3-46D6-9992-215E15CAB03A}.Release|x64.ActiveCfg = Release|x64
		{32EEB79E-11F3-46D6-9992-215E15CAB03A}.Release|x64.Build.0 = Release|x64
	EndGlobalSection
	GlobalSection(SolutionProperties) = preSolution
		HideSolutionNode = FALSE
	EndGlobalSection
	GlobalSection(NestedProjects) = preSolution
		{D246A201-AA8B-4627-8C7D-4FE855EAF675} = {EE9808AC-8E07-4171-838B-5904A766C46A}
		{946DC386-041E-4876-9868-9D4CE92661DE} = {95C19428-7B8C-4F31-850C-D3DF61C43E7D}
		{EE9808AC-8E07-4171-838B-5904A766C46A} = {95C19428-7B8C-4F31-850C-D3DF61C43E7D}
		{32EEB79E-11F3-46D6-9992-215E15CAB03A} = {EE9808AC-8E07-4171-838B-5904A766C46A}
	EndGlobalSection
EndGlobal
